// !$*UTF8*$!
{
	archiveVersion = 1;
	classes = {
	};
	objectVersion = 56;
	objects = {

/* Begin PBXBuildFile section */
		106E15F72944AC030026A7F5 /* Main.storyboard in Resources */ = {isa = PBXBuildFile; fileRef = 106E15F52944AC030026A7F5 /* Main.storyboard */; };
		106E15F92944AC040026A7F5 /* Assets.xcassets in Resources */ = {isa = PBXBuildFile; fileRef = 106E15F82944AC040026A7F5 /* Assets.xcassets */; };
		106E15FC2944AC040026A7F5 /* LaunchScreen.storyboard in Resources */ = {isa = PBXBuildFile; fileRef = 106E15FA2944AC040026A7F5 /* LaunchScreen.storyboard */; };
		106E16032944AC7A0026A7F5 /* AppDelegate.swift in Sources */ = {isa = PBXBuildFile; fileRef = 106E16022944AC7A0026A7F5 /* AppDelegate.swift */; };
		106E160A2944AC900026A7F5 /* apple2.png in Resources */ = {isa = PBXBuildFile; fileRef = 106E16052944AC900026A7F5 /* apple2.png */; };
		106E160C2944AC900026A7F5 /* appleeatsound.mp3 in Resources */ = {isa = PBXBuildFile; fileRef = 106E16072944AC900026A7F5 /* appleeatsound.mp3 */; };
		106E16102944AC980026A7F5 /* apple3.png in Resources */ = {isa = PBXBuildFile; fileRef = 106E160E2944AC980026A7F5 /* apple3.png */; };
		106E16112944AC980026A7F5 /* Game.swift in Sources */ = {isa = PBXBuildFile; fileRef = 106E160F2944AC980026A7F5 /* Game.swift */; };
		106E16152944ACAA0026A7F5 /* Gameover.swift in Sources */ = {isa = PBXBuildFile; fileRef = 106E16142944ACAA0026A7F5 /* Gameover.swift */; };
		106E161B2944ACB10026A7F5 /* Santo.png in Resources */ = {isa = PBXBuildFile; fileRef = 106E16162944ACB10026A7F5 /* Santo.png */; };
		106E161C2944ACB10026A7F5 /* santoFace.png in Resources */ = {isa = PBXBuildFile; fileRef = 106E16172944ACB10026A7F5 /* santoFace.png */; };
		106E161D2944ACB10026A7F5 /* ViewController.swift in Sources */ = {isa = PBXBuildFile; fileRef = 106E16182944ACB10026A7F5 /* ViewController.swift */; };
		106E161E2944ACB10026A7F5 /* SeminarRoom.png in Resources */ = {isa = PBXBuildFile; fileRef = 106E16192944ACB10026A7F5 /* SeminarRoom.png */; };
		107D534E2944BC86007D0553 /* gameplay.mp3 in Resources */ = {isa = PBXBuildFile; fileRef = 107D534D2944BC86007D0553 /* gameplay.mp3 */; };
		1080D546294567910002B7A4 /* apple1.png in Resources */ = {isa = PBXBuildFile; fileRef = 1080D545294567910002B7A4 /* apple1.png */; };
		108F41C62948007700B4C539 /* Barcade3D-YZBj.otf in Resources */ = {isa = PBXBuildFile; fileRef = 108F41C52948007700B4C539 /* Barcade3D-YZBj.otf */; };
		108F41C82948014200B4C539 /* BarcadeBold-B8nV.otf in Resources */ = {isa = PBXBuildFile; fileRef = 108F41C72948014200B4C539 /* BarcadeBold-B8nV.otf */; };
		108F41CA2948022200B4C539 /* BarcadeNoBarBold-gzXq.otf in Resources */ = {isa = PBXBuildFile; fileRef = 108F41C92948022200B4C539 /* BarcadeNoBarBold-gzXq.otf */; };
		10AD30232945570800CFDD9E /* Player.png in Resources */ = {isa = PBXBuildFile; fileRef = 10AD30222945570800CFDD9E /* Player.png */; };
		10B65BFE2945665500319433 /* rainbowApple.png in Resources */ = {isa = PBXBuildFile; fileRef = 10B65BFD2945665500319433 /* rainbowApple.png */; };
		10C759042944BBBA00779183 /* gameTheme.mp3 in Resources */ = {isa = PBXBuildFile; fileRef = 10C759032944BBBA00779183 /* gameTheme.mp3 */; };
		10E911422948DBC500E5F04A /* Animation.png in Resources */ = {isa = PBXBuildFile; fileRef = 10E911412948DBC500E5F04A /* Animation.png */; };
		10FA0E822947633D00334B7E /* Intro.swift in Sources */ = {isa = PBXBuildFile; fileRef = 10FA0E812947633D00334B7E /* Intro.swift */; };
		10FA0E842947724700334B7E /* Leaderboard.swift in Sources */ = {isa = PBXBuildFile; fileRef = 10FA0E832947724700334B7E /* Leaderboard.swift */; };
/* End PBXBuildFile section */

/* Begin PBXFileReference section */
		106E15E82944AC030026A7F5 /* MacBookBasketGame.app */ = {isa = PBXFileReference; explicitFileType = wrapper.application; includeInIndex = 0; path = MacBookBasketGame.app; sourceTree = BUILT_PRODUCTS_DIR; };
		106E15F62944AC030026A7F5 /* Base */ = {isa = PBXFileReference; lastKnownFileType = file.storyboard; name = Base; path = Base.lproj/Main.storyboard; sourceTree = "<group>"; };
		106E15F82944AC040026A7F5 /* Assets.xcassets */ = {isa = PBXFileReference; lastKnownFileType = folder.assetcatalog; path = Assets.xcassets; sourceTree = "<group>"; };
		106E15FB2944AC040026A7F5 /* Base */ = {isa = PBXFileReference; lastKnownFileType = file.storyboard; name = Base; path = Base.lproj/LaunchScreen.storyboard; sourceTree = "<group>"; };
		106E16022944AC7A0026A7F5 /* AppDelegate.swift */ = {isa = PBXFileReference; fileEncoding = 4; lastKnownFileType = sourcecode.swift; path = AppDelegate.swift; sourceTree = "<group>"; };
		106E16052944AC900026A7F5 /* apple2.png */ = {isa = PBXFileReference; lastKnownFileType = image.png; path = apple2.png; sourceTree = "<group>"; };
		106E16072944AC900026A7F5 /* appleeatsound.mp3 */ = {isa = PBXFileReference; lastKnownFileType = audio.mp3; path = appleeatsound.mp3; sourceTree = "<group>"; };
		106E160E2944AC980026A7F5 /* apple3.png */ = {isa = PBXFileReference; lastKnownFileType = image.png; path = apple3.png; sourceTree = "<group>"; };
		106E160F2944AC980026A7F5 /* Game.swift */ = {isa = PBXFileReference; fileEncoding = 4; lastKnownFileType = sourcecode.swift; path = Game.swift; sourceTree = "<group>"; };
		106E16142944ACAA0026A7F5 /* Gameover.swift */ = {isa = PBXFileReference; fileEncoding = 4; lastKnownFileType = sourcecode.swift; path = Gameover.swift; sourceTree = "<group>"; };
		106E16162944ACB10026A7F5 /* Santo.png */ = {isa = PBXFileReference; lastKnownFileType = image.png; path = Santo.png; sourceTree = "<group>"; };
		106E16172944ACB10026A7F5 /* santoFace.png */ = {isa = PBXFileReference; lastKnownFileType = image.png; path = santoFace.png; sourceTree = "<group>"; };
		106E16182944ACB10026A7F5 /* ViewController.swift */ = {isa = PBXFileReference; fileEncoding = 4; lastKnownFileType = sourcecode.swift; path = ViewController.swift; sourceTree = "<group>"; };
		106E16192944ACB10026A7F5 /* SeminarRoom.png */ = {isa = PBXFileReference; lastKnownFileType = image.png; path = SeminarRoom.png; sourceTree = "<group>"; };
		107D534D2944BC86007D0553 /* gameplay.mp3 */ = {isa = PBXFileReference; lastKnownFileType = audio.mp3; path = gameplay.mp3; sourceTree = "<group>"; };
		1080D545294567910002B7A4 /* apple1.png */ = {isa = PBXFileReference; lastKnownFileType = image.png; path = apple1.png; sourceTree = "<group>"; };
		108F41C52948007700B4C539 /* Barcade3D-YZBj.otf */ = {isa = PBXFileReference; lastKnownFileType = file; path = "Barcade3D-YZBj.otf"; sourceTree = "<group>"; };
		108F41C72948014200B4C539 /* BarcadeBold-B8nV.otf */ = {isa = PBXFileReference; lastKnownFileType = file; path = "BarcadeBold-B8nV.otf"; sourceTree = "<group>"; };
		108F41C92948022200B4C539 /* BarcadeNoBarBold-gzXq.otf */ = {isa = PBXFileReference; lastKnownFileType = file; path = "BarcadeNoBarBold-gzXq.otf"; sourceTree = "<group>"; };
		10938B912947DD180030804E /* Info.plist */ = {isa = PBXFileReference; lastKnownFileType = text.plist; path = Info.plist; sourceTree = "<group>"; };
		10AD30222945570800CFDD9E /* Player.png */ = {isa = PBXFileReference; lastKnownFileType = image.png; path = Player.png; sourceTree = "<group>"; };
		10B65BFD2945665500319433 /* rainbowApple.png */ = {isa = PBXFileReference; lastKnownFileType = image.png; path = rainbowApple.png; sourceTree = "<group>"; };
		10C759032944BBBA00779183 /* gameTheme.mp3 */ = {isa = PBXFileReference; lastKnownFileType = audio.mp3; path = gameTheme.mp3; sourceTree = "<group>"; };
		10E911412948DBC500E5F04A /* Animation.png */ = {isa = PBXFileReference; lastKnownFileType = image.png; path = Animation.png; sourceTree = "<group>"; };
		10FA0E812947633D00334B7E /* Intro.swift */ = {isa = PBXFileReference; fileEncoding = 4; lastKnownFileType = sourcecode.swift; path = Intro.swift; sourceTree = "<group>"; };
		10FA0E832947724700334B7E /* Leaderboard.swift */ = {isa = PBXFileReference; lastKnownFileType = sourcecode.swift; path = Leaderboard.swift; sourceTree = "<group>"; };
/* End PBXFileReference section */

/* Begin PBXFrameworksBuildPhase section */
		106E15E52944AC030026A7F5 /* Frameworks */ = {
			isa = PBXFrameworksBuildPhase;
			buildActionMask = 2147483647;
			files = (
			);
			runOnlyForDeploymentPostprocessing = 0;
		};
/* End PBXFrameworksBuildPhase section */

/* Begin PBXGroup section */
		106E15DF2944AC030026A7F5 = {
			isa = PBXGroup;
			children = (
				106E15EA2944AC030026A7F5 /* MacBookBasketGame */,
				106E15E92944AC030026A7F5 /* Products */,
			);
			sourceTree = "<group>";
		};
		106E15E92944AC030026A7F5 /* Products */ = {
			isa = PBXGroup;
			children = (
				106E15E82944AC030026A7F5 /* MacBookBasketGame.app */,
			);
			name = Products;
			sourceTree = "<group>";
		};
		106E15EA2944AC030026A7F5 /* MacBookBasketGame */ = {
			isa = PBXGroup;
			children = (
				10938B912947DD180030804E /* Info.plist */,
				106E16022944AC7A0026A7F5 /* AppDelegate.swift */,
				106E15F52944AC030026A7F5 /* Main.storyboard */,
				106E15F82944AC040026A7F5 /* Assets.xcassets */,
				106E15FA2944AC040026A7F5 /* LaunchScreen.storyboard */,
				10B65BFD2945665500319433 /* rainbowApple.png */,
				1080D545294567910002B7A4 /* apple1.png */,
				106E16052944AC900026A7F5 /* apple2.png */,
				106E160E2944AC980026A7F5 /* apple3.png */,
				10E911412948DBC500E5F04A /* Animation.png */,
				10AD30222945570800CFDD9E /* Player.png */,
				106E160F2944AC980026A7F5 /* Game.swift */,
				106E16072944AC900026A7F5 /* appleeatsound.mp3 */,
				107D534D2944BC86007D0553 /* gameplay.mp3 */,
				108F41C92948022200B4C539 /* BarcadeNoBarBold-gzXq.otf */,
				108F41C72948014200B4C539 /* BarcadeBold-B8nV.otf */,
				108F41C52948007700B4C539 /* Barcade3D-YZBj.otf */,
				10C759032944BBBA00779183 /* gameTheme.mp3 */,
				10FA0E812947633D00334B7E /* Intro.swift */,
				106E16142944ACAA0026A7F5 /* Gameover.swift */,
				10FA0E832947724700334B7E /* Leaderboard.swift */,
				106E16162944ACB10026A7F5 /* Santo.png */,
				106E16172944ACB10026A7F5 /* santoFace.png */,
				106E16192944ACB10026A7F5 /* SeminarRoom.png */,
				106E16182944ACB10026A7F5 /* ViewController.swift */,
			);
			path = MacBookBasketGame;
			sourceTree = "<group>";
		};
/* End PBXGroup section */

/* Begin PBXNativeTarget section */
		106E15E72944AC030026A7F5 /* MacBookBasketGame */ = {
			isa = PBXNativeTarget;
			buildConfigurationList = 106E15FF2944AC040026A7F5 /* Build configuration list for PBXNativeTarget "MacBookBasketGame" */;
			buildPhases = (
				106E15E42944AC030026A7F5 /* Sources */,
				106E15E52944AC030026A7F5 /* Frameworks */,
				106E15E62944AC030026A7F5 /* Resources */,
			);
			buildRules = (
			);
			dependencies = (
			);
			name = MacBookBasketGame;
			productName = MacBookBasketGame;
			productReference = 106E15E82944AC030026A7F5 /* MacBookBasketGame.app */;
			productType = "com.apple.product-type.application";
		};
/* End PBXNativeTarget section */

/* Begin PBXProject section */
		106E15E02944AC030026A7F5 /* Project object */ = {
			isa = PBXProject;
			attributes = {
				BuildIndependentTargetsInParallel = 1;
				LastSwiftUpdateCheck = 1410;
				LastUpgradeCheck = 1410;
				TargetAttributes = {
					106E15E72944AC030026A7F5 = {
						CreatedOnToolsVersion = 14.1;
						LastSwiftMigration = 1410;
					};
				};
			};
			buildConfigurationList = 106E15E32944AC030026A7F5 /* Build configuration list for PBXProject "MacBookBasketGame" */;
			compatibilityVersion = "Xcode 14.0";
			developmentRegion = en;
			hasScannedForEncodings = 0;
			knownRegions = (
				en,
				Base,
			);
			mainGroup = 106E15DF2944AC030026A7F5;
			productRefGroup = 106E15E92944AC030026A7F5 /* Products */;
			projectDirPath = "";
			projectRoot = "";
			targets = (
				106E15E72944AC030026A7F5 /* MacBookBasketGame */,
			);
		};
/* End PBXProject section */

/* Begin PBXResourcesBuildPhase section */
		106E15E62944AC030026A7F5 /* Resources */ = {
			isa = PBXResourcesBuildPhase;
			buildActionMask = 2147483647;
			files = (
				107D534E2944BC86007D0553 /* gameplay.mp3 in Resources */,
				10B65BFE2945665500319433 /* rainbowApple.png in Resources */,
				10E911422948DBC500E5F04A /* Animation.png in Resources */,
				10AD30232945570800CFDD9E /* Player.png in Resources */,
				108F41CA2948022200B4C539 /* BarcadeNoBarBold-gzXq.otf in Resources */,
				106E161C2944ACB10026A7F5 /* santoFace.png in Resources */,
				106E15F72944AC030026A7F5 /* Main.storyboard in Resources */,
				10C759042944BBBA00779183 /* gameTheme.mp3 in Resources */,
				1080D546294567910002B7A4 /* apple1.png in Resources */,
				106E161E2944ACB10026A7F5 /* SeminarRoom.png in Resources */,
				108F41C82948014200B4C539 /* BarcadeBold-B8nV.otf in Resources */,
				106E16102944AC980026A7F5 /* apple3.png in Resources */,
				106E160C2944AC900026A7F5 /* appleeatsound.mp3 in Resources */,
				106E15F92944AC040026A7F5 /* Assets.xcassets in Resources */,
				106E160A2944AC900026A7F5 /* apple2.png in Resources */,
				106E161B2944ACB10026A7F5 /* Santo.png in Resources */,
				108F41C62948007700B4C539 /* Barcade3D-YZBj.otf in Resources */,
				106E15FC2944AC040026A7F5 /* LaunchScreen.storyboard in Resources */,
			);
			runOnlyForDeploymentPostprocessing = 0;
		};
/* End PBXResourcesBuildPhase section */

/* Begin PBXSourcesBuildPhase section */
		106E15E42944AC030026A7F5 /* Sources */ = {
			isa = PBXSourcesBuildPhase;
			buildActionMask = 2147483647;
			files = (
				106E161D2944ACB10026A7F5 /* ViewController.swift in Sources */,
				10FA0E842947724700334B7E /* Leaderboard.swift in Sources */,
				106E16152944ACAA0026A7F5 /* Gameover.swift in Sources */,
				10FA0E822947633D00334B7E /* Intro.swift in Sources */,
				106E16112944AC980026A7F5 /* Game.swift in Sources */,
				106E16032944AC7A0026A7F5 /* AppDelegate.swift in Sources */,
			);
			runOnlyForDeploymentPostprocessing = 0;
		};
/* End PBXSourcesBuildPhase section */

/* Begin PBXVariantGroup section */
		106E15F52944AC030026A7F5 /* Main.storyboard */ = {
			isa = PBXVariantGroup;
			children = (
				106E15F62944AC030026A7F5 /* Base */,
			);
			name = Main.storyboard;
			sourceTree = "<group>";
		};
		106E15FA2944AC040026A7F5 /* LaunchScreen.storyboard */ = {
			isa = PBXVariantGroup;
			children = (
				106E15FB2944AC040026A7F5 /* Base */,
			);
			name = LaunchScreen.storyboard;
			sourceTree = "<group>";
		};
/* End PBXVariantGroup section */

/* Begin XCBuildConfiguration section */
		106E15FD2944AC040026A7F5 /* Debug */ = {
			isa = XCBuildConfiguration;
			buildSettings = {
				ALWAYS_SEARCH_USER_PATHS = NO;
				CLANG_ANALYZER_NONNULL = YES;
				CLANG_ANALYZER_NUMBER_OBJECT_CONVERSION = YES_AGGRESSIVE;
				CLANG_CXX_LANGUAGE_STANDARD = "gnu++20";
				CLANG_ENABLE_MODULES = YES;
				CLANG_ENABLE_OBJC_ARC = YES;
				CLANG_ENABLE_OBJC_WEAK = YES;
				CLANG_WARN_BLOCK_CAPTURE_AUTORELEASING = YES;
				CLANG_WARN_BOOL_CONVERSION = YES;
				CLANG_WARN_COMMA = YES;
				CLANG_WARN_CONSTANT_CONVERSION = YES;
				CLANG_WARN_DEPRECATED_OBJC_IMPLEMENTATIONS = YES;
				CLANG_WARN_DIRECT_OBJC_ISA_USAGE = YES_ERROR;
				CLANG_WARN_DOCUMENTATION_COMMENTS = YES;
				CLANG_WARN_EMPTY_BODY = YES;
				CLANG_WARN_ENUM_CONVERSION = YES;
				CLANG_WARN_INFINITE_RECURSION = YES;
				CLANG_WARN_INT_CONVERSION = YES;
				CLANG_WARN_NON_LITERAL_NULL_CONVERSION = YES;
				CLANG_WARN_OBJC_IMPLICIT_RETAIN_SELF = YES;
				CLANG_WARN_OBJC_LITERAL_CONVERSION = YES;
				CLANG_WARN_OBJC_ROOT_CLASS = YES_ERROR;
				CLANG_WARN_QUOTED_INCLUDE_IN_FRAMEWORK_HEADER = YES;
				CLANG_WARN_RANGE_LOOP_ANALYSIS = YES;
				CLANG_WARN_STRICT_PROTOTYPES = YES;
				CLANG_WARN_SUSPICIOUS_MOVE = YES;
				CLANG_WARN_UNGUARDED_AVAILABILITY = YES_AGGRESSIVE;
				CLANG_WARN_UNREACHABLE_CODE = YES;
				CLANG_WARN__DUPLICATE_METHOD_MATCH = YES;
				COPY_PHASE_STRIP = NO;
				DEBUG_INFORMATION_FORMAT = dwarf;
				ENABLE_STRICT_OBJC_MSGSEND = YES;
				ENABLE_TESTABILITY = YES;
				GCC_C_LANGUAGE_STANDARD = gnu11;
				GCC_DYNAMIC_NO_PIC = NO;
				GCC_NO_COMMON_BLOCKS = YES;
				GCC_OPTIMIZATION_LEVEL = 0;
				GCC_PREPROCESSOR_DEFINITIONS = (
					"DEBUG=1",
					"$(inherited)",
				);
				GCC_WARN_64_TO_32_BIT_CONVERSION = YES;
				GCC_WARN_ABOUT_RETURN_TYPE = YES_ERROR;
				GCC_WARN_UNDECLARED_SELECTOR = YES;
				GCC_WARN_UNINITIALIZED_AUTOS = YES_AGGRESSIVE;
				GCC_WARN_UNUSED_FUNCTION = YES;
				GCC_WARN_UNUSED_VARIABLE = YES;
				IPHONEOS_DEPLOYMENT_TARGET = 16.1;
				MTL_ENABLE_DEBUG_INFO = INCLUDE_SOURCE;
				MTL_FAST_MATH = YES;
				ONLY_ACTIVE_ARCH = YES;
				SDKROOT = iphoneos;
				SWIFT_ACTIVE_COMPILATION_CONDITIONS = DEBUG;
				SWIFT_OPTIMIZATION_LEVEL = "-Onone";
			};
			name = Debug;
		};
		106E15FE2944AC040026A7F5 /* Release */ = {
			isa = XCBuildConfiguration;
			buildSettings = {
				ALWAYS_SEARCH_USER_PATHS = NO;
				CLANG_ANALYZER_NONNULL = YES;
				CLANG_ANALYZER_NUMBER_OBJECT_CONVERSION = YES_AGGRESSIVE;
				CLANG_CXX_LANGUAGE_STANDARD = "gnu++20";
				CLANG_ENABLE_MODULES = YES;
				CLANG_ENABLE_OBJC_ARC = YES;
				CLANG_ENABLE_OBJC_WEAK = YES;
				CLANG_WARN_BLOCK_CAPTURE_AUTORELEASING = YES;
				CLANG_WARN_BOOL_CONVERSION = YES;
				CLANG_WARN_COMMA = YES;
				CLANG_WARN_CONSTANT_CONVERSION = YES;
				CLANG_WARN_DEPRECATED_OBJC_IMPLEMENTATIONS = YES;
				CLANG_WARN_DIRECT_OBJC_ISA_USAGE = YES_ERROR;
				CLANG_WARN_DOCUMENTATION_COMMENTS = YES;
				CLANG_WARN_EMPTY_BODY = YES;
				CLANG_WARN_ENUM_CONVERSION = YES;
				CLANG_WARN_INFINITE_RECURSION = YES;
				CLANG_WARN_INT_CONVERSION = YES;
				CLANG_WARN_NON_LITERAL_NULL_CONVERSION = YES;
				CLANG_WARN_OBJC_IMPLICIT_RETAIN_SELF = YES;
				CLANG_WARN_OBJC_LITERAL_CONVERSION = YES;
				CLANG_WARN_OBJC_ROOT_CLASS = YES_ERROR;
				CLANG_WARN_QUOTED_INCLUDE_IN_FRAMEWORK_HEADER = YES;
				CLANG_WARN_RANGE_LOOP_ANALYSIS = YES;
				CLANG_WARN_STRICT_PROTOTYPES = YES;
				CLANG_WARN_SUSPICIOUS_MOVE = YES;
				CLANG_WARN_UNGUARDED_AVAILABILITY = YES_AGGRESSIVE;
				CLANG_WARN_UNREACHABLE_CODE = YES;
				CLANG_WARN__DUPLICATE_METHOD_MATCH = YES;
				COPY_PHASE_STRIP = NO;
				DEBUG_INFORMATION_FORMAT = "dwarf-with-dsym";
				ENABLE_NS_ASSERTIONS = NO;
				ENABLE_STRICT_OBJC_MSGSEND = YES;
				GCC_C_LANGUAGE_STANDARD = gnu11;
				GCC_NO_COMMON_BLOCKS = YES;
				GCC_WARN_64_TO_32_BIT_CONVERSION = YES;
				GCC_WARN_ABOUT_RETURN_TYPE = YES_ERROR;
				GCC_WARN_UNDECLARED_SELECTOR = YES;
				GCC_WARN_UNINITIALIZED_AUTOS = YES_AGGRESSIVE;
				GCC_WARN_UNUSED_FUNCTION = YES;
				GCC_WARN_UNUSED_VARIABLE = YES;
				IPHONEOS_DEPLOYMENT_TARGET = 16.1;
				MTL_ENABLE_DEBUG_INFO = NO;
				MTL_FAST_MATH = YES;
				SDKROOT = iphoneos;
				SWIFT_COMPILATION_MODE = wholemodule;
				SWIFT_OPTIMIZATION_LEVEL = "-O";
				VALIDATE_PRODUCT = YES;
			};
			name = Release;
		};
		106E16002944AC040026A7F5 /* Debug */ = {
			isa = XCBuildConfiguration;
			buildSettings = {
				ASSETCATALOG_COMPILER_APPICON_NAME = AppIcon;
				ASSETCATALOG_COMPILER_GLOBAL_ACCENT_COLOR_NAME = AccentColor;
				CLANG_ENABLE_MODULES = YES;
				CODE_SIGN_STYLE = Automatic;
				CURRENT_PROJECT_VERSION = 1;
				DEVELOPMENT_TEAM = 43KKKRBAP2;
				GENERATE_INFOPLIST_FILE = YES;
				INFOPLIST_FILE = MacBookBasketGame/Info.plist;
				INFOPLIST_KEY_CFBundleDisplayName = "Hungry Santo";
				INFOPLIST_KEY_UIApplicationSupportsIndirectInputEvents = YES;
				INFOPLIST_KEY_UILaunchStoryboardName = LaunchScreen;
				INFOPLIST_KEY_UIMainStoryboardFile = Main;
				INFOPLIST_KEY_UIStatusBarHidden = YES;
				INFOPLIST_KEY_UISupportedInterfaceOrientations_iPad = "UIInterfaceOrientationPortrait UIInterfaceOrientationPortraitUpsideDown UIInterfaceOrientationLandscapeLeft UIInterfaceOrientationLandscapeRight";
				INFOPLIST_KEY_UISupportedInterfaceOrientations_iPhone = "UIInterfaceOrientationPortrait UIInterfaceOrientationLandscapeLeft UIInterfaceOrientationLandscapeRight";
				LD_RUNPATH_SEARCH_PATHS = (
					"$(inherited)",
					"@executable_path/Frameworks",
				);
				MARKETING_VERSION = 1.0;
				PRODUCT_BUNDLE_IDENTIFIER = ALI.MacBookBasketGameTest;
				PRODUCT_NAME = "$(TARGET_NAME)";
				SWIFT_EMIT_LOC_STRINGS = YES;
				SWIFT_OPTIMIZATION_LEVEL = "-Onone";
				SWIFT_VERSION = 5.0;
				TARGETED_DEVICE_FAMILY = "1,2";
			};
			name = Debug;
		};
		106E16012944AC040026A7F5 /* Release */ = {
			isa = XCBuildConfiguration;
			buildSettings = {
				ASSETCATALOG_COMPILER_APPICON_NAME = AppIcon;
				ASSETCATALOG_COMPILER_GLOBAL_ACCENT_COLOR_NAME = AccentColor;
				CLANG_ENABLE_MODULES = YES;
				CODE_SIGN_STYLE = Automatic;
				CURRENT_PROJECT_VERSION = 1;
				DEVELOPMENT_TEAM = 43KKKRBAP2;
				GENERATE_INFOPLIST_FILE = YES;
				INFOPLIST_FILE = MacBookBasketGame/Info.plist;
				INFOPLIST_KEY_CFBundleDisplayName = "Hungry Santo";
				INFOPLIST_KEY_UIApplicationSupportsIndirectInputEvents = YES;
				INFOPLIST_KEY_UILaunchStoryboardName = LaunchScreen;
				INFOPLIST_KEY_UIMainStoryboardFile = Main;
				INFOPLIST_KEY_UIStatusBarHidden = YES;
				INFOPLIST_KEY_UISupportedInterfaceOrientations_iPad = "UIInterfaceOrientationPortrait UIInterfaceOrientationPortraitUpsideDown UIInterfaceOrientationLandscapeLeft UIInterfaceOrientationLandscapeRight";
				INFOPLIST_KEY_UISupportedInterfaceOrientations_iPhone = "UIInterfaceOrientationPortrait UIInterfaceOrientationLandscapeLeft UIInterfaceOrientationLandscapeRight";
				LD_RUNPATH_SEARCH_PATHS = (
					"$(inherited)",
					"@executable_path/Frameworks",
				);
				MARKETING_VERSION = 1.0;
				PRODUCT_BUNDLE_IDENTIFIER = ALI.MacBookBasketGameTest;
				PRODUCT_NAME = "$(TARGET_NAME)";
				SWIFT_EMIT_LOC_STRINGS = YES;
				SWIFT_VERSION = 5.0;
				TARGETED_DEVICE_FAMILY = "1,2";
			};
			name = Release;
		};
/* End XCBuildConfiguration section */

/* Begin XCConfigurationList section */
		106E15E32944AC030026A7F5 /* Build configuration list for PBXProject "MacBookBasketGame" */ = {
			isa = XCConfigurationList;
			buildConfigurations = (
				106E15FD2944AC040026A7F5 /* Debug */,
				106E15FE2944AC040026A7F5 /* Release */,
			);
			defaultConfigurationIsVisible = 0;
			defaultConfigurationName = Release;
		};
		106E15FF2944AC040026A7F5 /* Build configuration list for PBXNativeTarget "MacBookBasketGame" */ = {
			isa = XCConfigurationList;
			buildConfigurations = (
				106E16002944AC040026A7F5 /* Debug */,
				106E16012944AC040026A7F5 /* Release */,
			);
			defaultConfigurationIsVisible = 0;
			defaultConfigurationName = Release;
		};
/* End XCConfigurationList section */
	};
	rootObject = 106E15E02944AC030026A7F5 /* Project object */;
}
